
Microsoft Visual Studio Solution File, Format Version 12.00
# Visual Studio Version 17
VisualStudioVersion = 17.11.35327.3
MinimumVisualStudioVersion = 10.0.40219.1
Project("{9A19103F-16F7-4668-BE54-9A1E7A4F7556}") = "WebApp", "WebApp\WebApp.csproj", "{5F06B324-448E-4252-8197-BC72553FF18F}"
	ProjectSection(ProjectDependencies) = postProject
		{4DFD7142-ACC2-4C81-A47D-F4AF2611B561} = {4DFD7142-ACC2-4C81-A47D-F4AF2611B561}
	EndProjectSection
EndProject
Project("{9A19103F-16F7-4668-BE54-9A1E7A4F7556}") = "ApiDomain", "ApiDomain\ApiDomain.csproj", "{4DFD7142-ACC2-4C81-A47D-F4AF2611B561}"
EndProject
Project("{2150E333-8FDC-42A3-9474-1A3956D46DE8}") = "wwwroot", "wwwroot", "{590C2AA3-336F-4492-940D-B68A49DED041}"
	ProjectSection(SolutionItems) = preProject
		app.js = app.js
		index.html = index.html
		styles.css = styles.css
	EndProjectSection
EndProject
Global
	GlobalSection(SolutionConfigurationPlatforms) = preSolution
		Debug|Any CPU = Debug|Any CPU
		Release|Any CPU = Release|Any CPU
	EndGlobalSection
	GlobalSection(ProjectConfigurationPlatforms) = postSolution
		{5F06B324-448E-4252-8197-BC72553FF18F}.Debug|Any CPU.ActiveCfg = Debug|Any CPU
		{5F06B324-448E-4252-8197-BC72553FF18F}.Debug|Any CPU.Build.0 = Debug|Any CPU
		{5F06B324-448E-4252-8197-BC72553FF18F}.Release|Any CPU.ActiveCfg = Release|Any CPU
		{5F06B324-448E-4252-8197-BC72553FF18F}.Release|Any CPU.Build.0 = Release|Any CPU
		{4DFD7142-ACC2-4C81-A47D-F4AF2611B561}.Debug|Any CPU.ActiveCfg = Debug|Any CPU
		{4DFD7142-ACC2-4C81-A47D-F4AF2611B561}.Debug|Any CPU.Build.0 = Debug|Any CPU
		{4DFD7142-ACC2-4C81-A47D-F4AF2611B561}.Release|Any CPU.ActiveCfg = Release|Any CPU
		{4DFD7142-ACC2-4C81-A47D-F4AF2611B561}.Release|Any CPU.Build.0 = Release|Any CPU
	EndGlobalSection
	GlobalSection(SolutionProperties) = preSolution
		HideSolutionNode = FALSE
	EndGlobalSection
	GlobalSection(ExtensibilityGlobals) = postSolution
		SolutionGuid = {0E195FF4-42ED-4C5C-99DC-3B3A9895DD0F}
	EndGlobalSection
EndGlobal
